Microsoft Visual Studio Solution File, Format Version 12.00
# Visual Studio 15
VisualStudioVersion = 15.0.27004.2010
MinimumVisualStudioVersion = 15.0.26124.0
Project("{2150E333-8FDC-42A3-9474-1A3956D46DE8}") = "src", "src", "{AAFD2DA1-52A4-4546-AD0D-68000F1662CB}"
EndProject
Project("{9A19103F-16F7-4668-BE54-9A1E7A4F7556}") = "AdventOfCode", "src\AdventOfCode\AdventOfCode.csproj", "{76961E80-E642-4F56-BF6D-7981694359CD}"
EndProject
Project("{2150E333-8FDC-42A3-9474-1A3956D46DE8}") = "tests", "tests", "{F98808A8-D33E-4972-B4BD-5B08150BFC41}"
EndProject
Project("{9A19103F-16F7-4668-BE54-9A1E7A4F7556}") = "AdventOfCode.Tests", "tests\AdventOfCode.Tests\AdventOfCode.Tests.csproj", "{8B686345-6778-4660-B750-056014212C6D}"
EndProject
Global
	GlobalSection(SolutionConfigurationPlatforms) = preSolution
		Debug|Any CPU = Debug|Any CPU
		Debug|x64 = Debug|x64
		Debug|x86 = Debug|x86
		Release|Any CPU = Release|Any CPU
		Release|x64 = Release|x64
		Release|x86 = Release|x86
	EndGlobalSection
	GlobalSection(ProjectConfigurationPlatforms) = postSolution
		{76961E80-E642-4F56-BF6D-7981694359CD}.Debug|Any CPU.ActiveCfg = Debug|Any CPU
		{76961E80-E642-4F56-BF6D-7981694359CD}.Debug|Any CPU.Build.0 = Debug|Any CPU
		{76961E80-E642-4F56-BF6D-7981694359CD}.Debug|x64.ActiveCfg = Debug|Any CPU
		{76961E80-E642-4F56-BF6D-7981694359CD}.Debug|x64.Build.0 = Debug|Any CPU
		{76961E80-E642-4F56-BF6D-7981694359CD}.Debug|x86.ActiveCfg = Debug|Any CPU
		{76961E80-E642-4F56-BF6D-7981694359CD}.Debug|x86.Build.0 = Debug|Any CPU
		{76961E80-E642-4F56-BF6D-7981694359CD}.Release|Any CPU.ActiveCfg = Release|Any CPU
		{76961E80-E642-4F56-BF6D-7981694359CD}.Release|Any CPU.Build.0 = Release|Any CPU
		{76961E80-E642-4F56-BF6D-7981694359CD}.Release|x64.ActiveCfg = Release|Any CPU
		{76961E80-E642-4F56-BF6D-7981694359CD}.Release|x64.Build.0 = Release|Any CPU
		{76961E80-E642-4F56-BF6D-7981694359CD}.Release|x86.ActiveCfg = Release|Any CPU
		{76961E80-E642-4F56-BF6D-7981694359CD}.Release|x86.Build.0 = Release|Any CPU
		{8B686345-6778-4660-B750-056014212C6D}.Debug|Any CPU.ActiveCfg = Debug|Any CPU
		{8B686345-6778-4660-B750-056014212C6D}.Debug|Any CPU.Build.0 = Debug|Any CPU
		{8B686345-6778-4660-B750-056014212C6D}.Debug|x64.ActiveCfg = Debug|Any CPU
		{8B686345-6778-4660-B750-056014212C6D}.Debug|x64.Build.0 = Debug|Any CPU
		{8B686345-6778-4660-B750-056014212C6D}.Debug|x86.ActiveCfg = Debug|Any CPU
		{8B686345-6778-4660-B750-056014212C6D}.Debug|x86.Build.0 = Debug|Any CPU
		{8B686345-6778-4660-B750-056014212C6D}.Release|Any CPU.ActiveCfg = Release|Any CPU
		{8B686345-6778-4660-B750-056014212C6D}.Release|Any CPU.Build.0 = Release|Any CPU
		{8B686345-6778-4660-B750-056014212C6D}.Release|x64.ActiveCfg = Release|Any CPU
		{8B686345-6778-4660-B750-056014212C6D}.Release|x64.Build.0 = Release|Any CPU
		{8B686345-6778-4660-B750-056014212C6D}.Release|x86.ActiveCfg = Release|Any CPU
		{8B686345-6778-4660-B750-056014212C6D}.Release|x86.Build.0 = Release|Any CPU
	EndGlobalSection
	GlobalSection(SolutionProperties) = preSolution
		HideSolutionNode = FALSE
	EndGlobalSection
	GlobalSection(NestedProjects) = preSolution
		{76961E80-E642-4F56-BF6D-7981694359CD} = {AAFD2DA1-52A4-4546-AD0D-68000F1662CB}
		{8B686345-6778-4660-B750-056014212C6D} = {F98808A8-D33E-4972-B4BD-5B08150BFC41}
	EndGlobalSection
	GlobalSection(ExtensibilityGlobals) = postSolution
		SolutionGuid = {64734E14-3BB0-4721-8E31-78F0F6144A75}
	EndGlobalSection
EndGlobal
